{
  "nodes": {
    "ai-commit": {
      "inputs": {
        "flake-utils": "flake-utils",
        "nixpkgs": "nixpkgs"
      },
      "locked": {
        "lastModified": 1734124131,
        "narHash": "sha256-enEvO0QRZkmqNTOjNlZJdVkiJ1s75NOiLLbjD12z8W0=",
        "owner": "chrishrb",
        "repo": "ai-commit",
        "rev": "774a5aab489a2402bc5b60049f847b1cf50b2ac7",
        "type": "github"
      },
      "original": {
        "owner": "chrishrb",
        "repo": "ai-commit",
        "type": "github"
      }
    },
    "alacritty-theme": {
      "inputs": {
        "alacritty-theme": "alacritty-theme_2",
        "flake-parts": "flake-parts",
        "nixpkgs": "nixpkgs_2"
      },
      "locked": {
        "lastModified": 1746109447,
        "narHash": "sha256-JqEsV2EkW6D89GApOiBVVBoHGQOpj8kgUVBsJ5Z5+7c=",
        "owner": "alexghr",
        "repo": "alacritty-theme.nix",
        "rev": "d68f7e082d31a5c4587d71d4df82bf8ad501d655",
        "type": "github"
      },
      "original": {
        "owner": "alexghr",
        "repo": "alacritty-theme.nix",
        "type": "github"
      }
    },
    "alacritty-theme_2": {
      "flake": false,
      "locked": {
        "lastModified": 1745230862,
        "narHash": "sha256-TFomYP13Wa2VSoxKGKaTDyIj8K1/Oi4LOhR93z07Ot4=",
        "owner": "alacritty",
        "repo": "alacritty-theme",
        "rev": "0520b1f8f3eb25678444c0817a97636b6601ac85",
        "type": "github"
      },
      "original": {
        "owner": "alacritty",
        "repo": "alacritty-theme",
        "type": "github"
      }
    },
    "brew-src": {
      "flake": false,
      "locked": {
        "lastModified": 1746795192,
        "narHash": "sha256-Cv+RXuzmn2iGBY2Ny/nXBTH+LFKDWIvMxf9a+btKI6M=",
        "owner": "Homebrew",
        "repo": "brew",
        "rev": "6f39076b3c2251994419215279d0525ef667fc31",
        "type": "github"
      },
      "original": {
        "owner": "Homebrew",
        "ref": "4.5.2",
        "repo": "brew",
        "type": "github"
      }
    },
    "cl-nix-lite": {
      "locked": {
        "lastModified": 1728174978,
        "narHash": "sha256-Grqqg+xuicANB85j0gNEXxi9SBKY7bzGeTuyi95eGcY=",
        "owner": "hraban",
        "repo": "cl-nix-lite",
        "rev": "31cfe6275c341eb3120a99f4b1c8516c49a29d87",
        "type": "github"
      },
      "original": {
        "owner": "hraban",
        "repo": "cl-nix-lite",
        "type": "github"
      }
    },
    "codecompanion-nvim": {
      "flake": false,
      "locked": {
        "lastModified": 1747397188,
        "narHash": "sha256-+TE4tWSwQZ3An1SO5eAcJkVm61iHFDq6MxPIkJGpPHk=",
        "owner": "olimorris",
        "repo": "codecompanion.nvim",
        "rev": "d5a1ebbd3f4679123f685c1ccf740d3765af0325",
        "type": "github"
      },
      "original": {
        "owner": "olimorris",
        "repo": "codecompanion.nvim",
        "type": "github"
      }
    },
    "darwin": {
      "inputs": {
        "nixpkgs": [
          "nixpkgs"
        ]
      },
      "locked": {
        "lastModified": 1747521943,
        "narHash": "sha256-GMAJcB8oB9cC+TbYTE7QDfw9fwHZyloxUWnUpHnQRko=",
        "owner": "LnL7",
        "repo": "nix-darwin",
        "rev": "b9b927dd1f24094b271e8ec5277a672dc4fc860d",
        "type": "github"
      },
      "original": {
        "owner": "LnL7",
        "ref": "master",
        "repo": "nix-darwin",
        "type": "github"
      }
    },
    "flake-compat": {
      "flake": false,
      "locked": {
        "lastModified": 1730663653,
        "narHash": "sha256-kFCUWettiFHDIqxCWWQ9qY8pVh+Lj+XL0Giyy/kdomg=",
        "owner": "hraban",
        "repo": "flake-compat",
        "rev": "e5b16676185cb7548581c852f51ce7f3a49bba5e",
        "type": "github"
      },
      "original": {
        "owner": "hraban",
        "ref": "fixed-output",
        "repo": "flake-compat",
        "type": "github"
      }
    },
    "flake-parts": {
      "inputs": {
        "nixpkgs-lib": "nixpkgs-lib"
      },
      "locked": {
        "lastModified": 1743550720,
        "narHash": "sha256-hIshGgKZCgWh6AYJpJmRgFdR3WUbkY04o82X05xqQiY=",
        "owner": "hercules-ci",
        "repo": "flake-parts",
        "rev": "c621e8422220273271f52058f618c94e405bb0f5",
        "type": "github"
      },
      "original": {
        "owner": "hercules-ci",
        "repo": "flake-parts",
        "type": "github"
      }
    },
    "flake-parts_2": {
      "inputs": {
        "nixpkgs-lib": [
          "mcp-hub",
          "nixpkgs"
        ]
      },
      "locked": {
        "lastModified": 1743550720,
        "narHash": "sha256-hIshGgKZCgWh6AYJpJmRgFdR3WUbkY04o82X05xqQiY=",
        "owner": "hercules-ci",
        "repo": "flake-parts",
        "rev": "c621e8422220273271f52058f618c94e405bb0f5",
        "type": "github"
      },
      "original": {
        "owner": "hercules-ci",
        "repo": "flake-parts",
        "type": "github"
      }
    },
    "flake-parts_3": {
      "inputs": {
        "nixpkgs-lib": [
          "mcphub-nvim",
          "nixpkgs"
        ]
      },
      "locked": {
        "lastModified": 1743550720,
        "narHash": "sha256-hIshGgKZCgWh6AYJpJmRgFdR3WUbkY04o82X05xqQiY=",
        "owner": "hercules-ci",
        "repo": "flake-parts",
        "rev": "c621e8422220273271f52058f618c94e405bb0f5",
        "type": "github"
      },
      "original": {
        "owner": "hercules-ci",
        "repo": "flake-parts",
        "type": "github"
      }
    },
    "flake-parts_4": {
      "inputs": {
        "nixpkgs-lib": "nixpkgs-lib_2"
      },
      "locked": {
        "lastModified": 1741352980,
        "narHash": "sha256-+u2UunDA4Cl5Fci3m7S643HzKmIDAe+fiXrLqYsR2fs=",
        "owner": "hercules-ci",
        "repo": "flake-parts",
        "rev": "f4330d22f1c5d2ba72d3d22df5597d123fdb60a9",
        "type": "github"
      },
      "original": {
        "owner": "hercules-ci",
        "repo": "flake-parts",
        "type": "github"
      }
    },
    "flake-utils": {
      "inputs": {
        "systems": "systems"
      },
      "locked": {
        "lastModified": 1726560853,
        "narHash": "sha256-X6rJYSESBVr3hBoH0WbKE5KvhPU5bloyZ2L4K60/fPQ=",
        "owner": "numtide",
        "repo": "flake-utils",
        "rev": "c1dfcf08411b08f6b8615f7d8971a2bfa81d5e8a",
        "type": "github"
      },
      "original": {
        "owner": "numtide",
        "repo": "flake-utils",
        "type": "github"
      }
    },
    "flake-utils_2": {
      "inputs": {
        "systems": [
          "mac-app-util",
          "systems"
        ]
      },
      "locked": {
        "lastModified": 1731533236,
        "narHash": "sha256-l0KFg5HjrsfsO/JpG+r7fRrqm12kzFHyUHqHCVpMMbI=",
        "owner": "numtide",
        "repo": "flake-utils",
        "rev": "11707dc2f618dd54ca8739b309ec4fc024de578b",
        "type": "github"
      },
      "original": {
        "id": "flake-utils",
        "type": "indirect"
      }
    },
    "flake-utils_3": {
      "inputs": {
        "systems": "systems_3"
      },
      "locked": {
        "lastModified": 1731533236,
        "narHash": "sha256-l0KFg5HjrsfsO/JpG+r7fRrqm12kzFHyUHqHCVpMMbI=",
        "owner": "numtide",
        "repo": "flake-utils",
        "rev": "11707dc2f618dd54ca8739b309ec4fc024de578b",
        "type": "github"
      },
      "original": {
        "owner": "numtide",
        "repo": "flake-utils",
        "type": "github"
      }
    },
    "go-grip": {
      "inputs": {
        "nixpkgs": "nixpkgs_3"
      },
      "locked": {
        "lastModified": 1741160209,
        "narHash": "sha256-c3tl5nALPqIAMSqjbbQDi6mN6M1mKJvzxxDHcj/QyuY=",
        "owner": "chrishrb",
        "repo": "go-grip",
        "rev": "ac5f2a76ff964b81c68f086dcf4ee91732eb765d",
        "type": "github"
      },
      "original": {
        "owner": "chrishrb",
        "repo": "go-grip",
        "type": "github"
      }
    },
    "home-manager": {
      "inputs": {
        "nixpkgs": [
          "nixpkgs"
        ]
      },
      "locked": {
        "lastModified": 1747439237,
        "narHash": "sha256-5rCGrnkglKKj4cav1U3HC+SIUNJh08pqOK4spQv9RjA=",
        "owner": "nix-community",
        "repo": "home-manager",
        "rev": "ae755329092c87369b9e9a1510a8cf1ce2b1c708",
        "type": "github"
      },
      "original": {
        "owner": "nix-community",
        "ref": "master",
        "repo": "home-manager",
        "type": "github"
      }
    },
    "homebrew-bundle": {
      "flake": false,
      "locked": {
        "lastModified": 1745335228,
        "narHash": "sha256-TIKR2UgtyUmHLNZp255/vLs+1I10hXe+sciMEbAGFwE=",
        "owner": "homebrew",
        "repo": "homebrew-bundle",
        "rev": "a3265c84b232e13048ecbf6fc18a2eedfadbeb08",
        "type": "github"
      },
      "original": {
        "owner": "homebrew",
        "repo": "homebrew-bundle",
        "type": "github"
      }
    },
    "homebrew-cask": {
      "flake": false,
      "locked": {
        "lastModified": 1747532349,
        "narHash": "sha256-MpVDXDQLeUAlKVm57PGv7v/4H43DCS2VDlhUDy1t+Z8=",
        "owner": "homebrew",
        "repo": "homebrew-cask",
        "rev": "39e4baca231c013729863c84e53cfa7c23e9da33",
        "type": "github"
      },
      "original": {
        "owner": "homebrew",
        "repo": "homebrew-cask",
        "type": "github"
      }
    },
    "homebrew-core": {
      "flake": false,
      "locked": {
        "lastModified": 1747539498,
        "narHash": "sha256-mwjdAt8JpK3TMT6S8Eax7VVFEs59GGs+vcMAQOPgVqE=",
        "owner": "homebrew",
        "repo": "homebrew-core",
        "rev": "44232eab80fbfc77ac7f682ba98141e42af909e0",
        "type": "github"
      },
      "original": {
        "owner": "homebrew",
        "repo": "homebrew-core",
        "type": "github"
      }
    },
    "homebrew-mqttx": {
      "flake": false,
      "locked": {
        "lastModified": 1734082285,
        "narHash": "sha256-JtAF2d0UBb84AjckkEzVss/0bW+lVGEgaOc7izS2Wmk=",
        "owner": "emqx",
        "repo": "homebrew-mqttx",
        "rev": "b77851a58808275333037b5232332e1a77310048",
        "type": "github"
      },
      "original": {
        "owner": "emqx",
        "repo": "homebrew-mqttx",
        "type": "github"
      }
    },
    "mac-app-util": {
      "inputs": {
        "cl-nix-lite": "cl-nix-lite",
        "flake-compat": "flake-compat",
        "flake-utils": "flake-utils_2",
        "nixpkgs": "nixpkgs_4",
        "systems": "systems_2"
      },
      "locked": {
        "lastModified": 1742156590,
        "narHash": "sha256-aTM/2CrNN5utdVEQGsOA+kl4UozgH7VPLBQL5OXtBrg=",
        "owner": "hraban",
        "repo": "mac-app-util",
        "rev": "341ede93f290df7957047682482c298e47291b4d",
        "type": "github"
      },
      "original": {
        "owner": "hraban",
        "repo": "mac-app-util",
        "type": "github"
      }
    },
    "macos-keyboard-layout-german-programming": {
      "flake": false,
      "locked": {
        "lastModified": 1677322839,
        "narHash": "sha256-TEosQFb1lpkgVLUQjBS5QPpQxwo0Te/mkKQyeKNO+V4=",
        "owner": "MickL",
        "repo": "macos-keyboard-layout-german-programming",
        "rev": "f4009294bb6b2f45fa7975c9c8b3a32a72285843",
        "type": "github"
      },
      "original": {
        "owner": "MickL",
        "repo": "macos-keyboard-layout-german-programming",
        "type": "github"
      }
    },
    "mcp-hub": {
      "inputs": {
        "flake-parts": "flake-parts_2",
        "nixpkgs": "nixpkgs_5"
      },
      "locked": {
        "lastModified": 1747411805,
        "narHash": "sha256-0ZzuCYc3Umi342ZEQdlq3Icm9TYi/zVPz37B3B+9MAo=",
        "owner": "ravitemer",
        "repo": "mcp-hub",
        "rev": "e3bce4eb6ff446a236c9a87082f9f4e0063d6f05",
        "type": "github"
      },
      "original": {
        "owner": "ravitemer",
        "repo": "mcp-hub",
        "type": "github"
      }
    },
    "mcphub-nvim": {
      "inputs": {
        "flake-parts": "flake-parts_3",
        "nixpkgs": "nixpkgs_6"
      },
      "locked": {
        "lastModified": 1747473642,
        "narHash": "sha256-GXwmtc1CbvgOz8jfsa9azVZGu+mxlF0Nfy9Re9Q3dhE=",
        "owner": "ravitemer",
        "repo": "mcphub.nvim",
        "rev": "c737d9df6d3a86d0e063bed7a81270bb27f0bd3c",
        "type": "github"
      },
      "original": {
        "owner": "ravitemer",
        "repo": "mcphub.nvim",
        "type": "github"
      }
    },
    "nix-darwin": {
      "inputs": {
        "nixpkgs": "nixpkgs_7"
      },
      "locked": {
        "lastModified": 1716329735,
        "narHash": "sha256-ap51w+VqG21vuzyQ04WrhI2YbWHd3UGz0e7dc/QQmoA=",
        "owner": "LnL7",
        "repo": "nix-darwin",
        "rev": "eac4f25028c1975a939c8f8fba95c12f8a25e01c",
        "type": "github"
      },
      "original": {
        "owner": "LnL7",
        "repo": "nix-darwin",
        "type": "github"
      }
    },
    "nix-homebrew": {
      "inputs": {
        "brew-src": "brew-src",
        "nix-darwin": "nix-darwin",
        "nixpkgs": "nixpkgs_8"
      },
      "locked": {
        "lastModified": 1747444109,
        "narHash": "sha256-fSufrKr8NdhLMuGZGwjGUfH+TIWrjFTRIBhgCRIyxno=",
        "owner": "zhaofengli",
        "repo": "nix-homebrew",
        "rev": "159f21ae77da757bbaeb98c0b16ff2e7b2738350",
        "type": "github"
      },
      "original": {
        "owner": "zhaofengli",
        "repo": "nix-homebrew",
        "type": "github"
      }
    },
    "nixCats": {
      "locked": {
        "lastModified": 1745910972,
        "narHash": "sha256-VCAAgzW1LfebOy8cb9W0Uj9pICYS8oqUlSbHLp7grWg=",
        "owner": "BirdeeHub",
        "repo": "nixCats-nvim",
        "rev": "c3e0c900400020f2196e3974535e2b415ff25276",
        "type": "github"
      },
      "original": {
        "owner": "BirdeeHub",
        "ref": "v7.2.13",
        "repo": "nixCats-nvim",
        "type": "github"
      }
    },
    "nixpkgs": {
      "locked": {
        "lastModified": 1728241625,
        "narHash": "sha256-yumd4fBc/hi8a9QgA9IT8vlQuLZ2oqhkJXHPKxH/tRw=",
        "owner": "nixos",
        "repo": "nixpkgs",
        "rev": "c31898adf5a8ed202ce5bea9f347b1c6871f32d1",
        "type": "github"
      },
      "original": {
        "owner": "nixos",
        "ref": "nixos-unstable",
        "repo": "nixpkgs",
        "type": "github"
      }
    },
    "nixpkgs-lib": {
      "locked": {
        "lastModified": 1743296961,
        "narHash": "sha256-b1EdN3cULCqtorQ4QeWgLMrd5ZGOjLSLemfa00heasc=",
        "owner": "nix-community",
        "repo": "nixpkgs.lib",
        "rev": "e4822aea2a6d1cdd36653c134cacfd64c97ff4fa",
        "type": "github"
      },
      "original": {
        "owner": "nix-community",
        "repo": "nixpkgs.lib",
        "type": "github"
      }
    },
    "nixpkgs-lib_2": {
      "locked": {
        "lastModified": 1740877520,
        "narHash": "sha256-oiwv/ZK/2FhGxrCkQkB83i7GnWXPPLzoqFHpDD3uYpk=",
        "owner": "nix-community",
        "repo": "nixpkgs.lib",
        "rev": "147dee35aab2193b174e4c0868bd80ead5ce755c",
        "type": "github"
      },
      "original": {
        "owner": "nix-community",
        "repo": "nixpkgs.lib",
        "type": "github"
      }
    },
    "nixpkgs-stable": {
      "locked": {
        "lastModified": 1747335874,
        "narHash": "sha256-IKKIXTSYJMmUtE+Kav5Rob8SgLPnfnq4Qu8LyT4gdqQ=",
        "owner": "nixos",
        "repo": "nixpkgs",
        "rev": "ba8b70ee098bc5654c459d6a95dfc498b91ff858",
        "type": "github"
      },
      "original": {
        "owner": "nixos",
        "ref": "nixos-24.11",
        "repo": "nixpkgs",
        "type": "github"
      }
    },
    "nixpkgs_10": {
      "locked": {
        "lastModified": 1742669843,
        "narHash": "sha256-G5n+FOXLXcRx+3hCJ6Rt6ZQyF1zqQ0DL0sWAMn2Nk0w=",
        "owner": "nixos",
        "repo": "nixpkgs",
        "rev": "1e5b653dff12029333a6546c11e108ede13052eb",
        "type": "github"
      },
      "original": {
        "owner": "nixos",
        "ref": "nixos-unstable",
        "repo": "nixpkgs",
        "type": "github"
      }
    },
    "nixpkgs_11": {
      "locked": {
        "lastModified": 1745377448,
        "narHash": "sha256-jhZDfXVKdD7TSEGgzFJQvEEZ2K65UMiqW5YJ2aIqxMA=",
        "owner": "nixos",
        "repo": "nixpkgs",
        "rev": "507b63021ada5fee621b6ca371c4fca9ca46f52c",
        "type": "github"
      },
      "original": {
        "owner": "nixos",
        "ref": "nixpkgs-unstable",
        "repo": "nixpkgs",
        "type": "github"
      }
    },
    "nixpkgs_12": {
      "locked": {
        "lastModified": 1746904237,
        "narHash": "sha256-3e+AVBczosP5dCLQmMoMEogM57gmZ2qrVSrmq9aResQ=",
        "owner": "nixos",
        "repo": "nixpkgs",
        "rev": "d89fc19e405cb2d55ce7cc114356846a0ee5e956",
        "type": "github"
      },
      "original": {
        "owner": "nixos",
        "ref": "nixos-unstable",
        "repo": "nixpkgs",
        "type": "github"
      }
    },
    "nixpkgs_2": {
      "locked": {
        "lastModified": 1744463964,
        "narHash": "sha256-LWqduOgLHCFxiTNYi3Uj5Lgz0SR+Xhw3kr/3Xd0GPTM=",
        "owner": "NixOS",
        "repo": "nixpkgs",
        "rev": "2631b0b7abcea6e640ce31cd78ea58910d31e650",
        "type": "github"
      },
      "original": {
        "owner": "NixOS",
        "ref": "nixos-unstable",
        "repo": "nixpkgs",
        "type": "github"
      }
    },
    "nixpkgs_3": {
      "locked": {
        "lastModified": 1734424634,
        "narHash": "sha256-cHar1vqHOOyC7f1+tVycPoWTfKIaqkoe1Q6TnKzuti4=",
        "owner": "nixos",
        "repo": "nixpkgs",
        "rev": "d3c42f187194c26d9f0309a8ecc469d6c878ce33",
        "type": "github"
      },
      "original": {
        "owner": "nixos",
        "ref": "nixos-unstable",
        "repo": "nixpkgs",
        "type": "github"
      }
    },
    "nixpkgs_4": {
      "locked": {
        "lastModified": 1732617236,
        "narHash": "sha256-PYkz6U0bSEaEB1al7O1XsqVNeSNS+s3NVclJw7YC43w=",
        "owner": "NixOS",
        "repo": "nixpkgs",
        "rev": "af51545ec9a44eadf3fe3547610a5cdd882bc34e",
        "type": "github"
      },
      "original": {
        "owner": "NixOS",
        "repo": "nixpkgs",
        "rev": "af51545ec9a44eadf3fe3547610a5cdd882bc34e",
        "type": "github"
      }
    },
    "nixpkgs_5": {
      "locked": {
        "lastModified": 1743689281,
        "narHash": "sha256-y7Hg5lwWhEOgflEHRfzSH96BOt26LaYfrYWzZ+VoVdg=",
        "owner": "NixOS",
        "repo": "nixpkgs",
        "rev": "2bfc080955153be0be56724be6fa5477b4eefabb",
        "type": "github"
      },
      "original": {
        "owner": "NixOS",
        "ref": "nixpkgs-unstable",
        "repo": "nixpkgs",
        "type": "github"
      }
    },
    "nixpkgs_6": {
      "locked": {
        "lastModified": 1745377448,
        "narHash": "sha256-jhZDfXVKdD7TSEGgzFJQvEEZ2K65UMiqW5YJ2aIqxMA=",
        "owner": "nixos",
        "repo": "nixpkgs",
        "rev": "507b63021ada5fee621b6ca371c4fca9ca46f52c",
        "type": "github"
      },
      "original": {
        "owner": "nixos",
        "ref": "nixpkgs-unstable",
        "repo": "nixpkgs",
        "type": "github"
      }
    },
    "nixpkgs_7": {
      "locked": {
        "lastModified": 1687274257,
        "narHash": "sha256-TutzPriQcZ8FghDhEolnHcYU2oHIG5XWF+/SUBNnAOE=",
        "path": "/nix/store/22qgs3skscd9bmrxv9xv4q5d4wwm5ppx-source",
        "rev": "2c9ecd1f0400076a4d6b2193ad468ff0a7e7fdc5",
        "type": "path"
      },
      "original": {
        "id": "nixpkgs",
        "type": "indirect"
      }
    },
    "nixpkgs_8": {
      "locked": {
        "lastModified": 1746328495,
        "narHash": "sha256-uKCfuDs7ZM3QpCE/jnfubTg459CnKnJG/LwqEVEdEiw=",
        "owner": "NixOS",
        "repo": "nixpkgs",
        "rev": "979daf34c8cacebcd917d540070b52a3c2b9b16e",
        "type": "github"
      },
      "original": {
        "owner": "NixOS",
        "ref": "nixos-unstable",
        "repo": "nixpkgs",
        "type": "github"
      }
    },
    "nixpkgs_9": {
      "locked": {
        "lastModified": 1747327360,
        "narHash": "sha256-LSmTbiq/nqZR9B2t4MRnWG7cb0KVNU70dB7RT4+wYK4=",
        "owner": "nixos",
        "repo": "nixpkgs",
        "rev": "e06158e58f3adee28b139e9c2bcfcc41f8625b46",
        "type": "github"
      },
      "original": {
        "owner": "nixos",
        "ref": "nixos-unstable",
        "repo": "nixpkgs",
        "type": "github"
      }
    },
    "none-ls-extras-nvim": {
      "flake": false,
      "locked": {
        "lastModified": 1746362580,
        "narHash": "sha256-OJHg2+h3zvlK7LJ8kY6f7et0w6emnxfcDbjD1YyWRTw=",
        "owner": "nvimtools",
        "repo": "none-ls-extras.nvim",
        "rev": "924fe88a9983c7d90dbb31fc4e3129a583ea0a90",
        "type": "github"
      },
      "original": {
        "owner": "nvimtools",
        "repo": "none-ls-extras.nvim",
        "type": "github"
      }
    },
    "nvim-nio": {
      "flake": false,
      "locked": {
        "lastModified": 1737405073,
        "narHash": "sha256-eDbzJAGdUBhTwuD0Nt9FihZj1MmVdQfn/GKIybuu5a8=",
        "owner": "nvim-neotest",
        "repo": "nvim-nio",
        "rev": "21f5324bfac14e22ba26553caf69ec76ae8a7662",
        "type": "github"
      },
      "original": {
        "owner": "nvim-neotest",
        "repo": "nvim-nio",
        "type": "github"
      }
    },
    "nvim-tmux-navigation": {
      "flake": false,
      "locked": {
        "lastModified": 1707171454,
        "narHash": "sha256-CxAgQSbOrg/SsQXupwCv8cyZXIB7tkWO+Y6FDtoR8xk=",
        "owner": "alexghergh",
        "repo": "nvim-tmux-navigation",
        "rev": "4898c98702954439233fdaf764c39636681e2861",
        "type": "github"
      },
      "original": {
        "owner": "alexghergh",
        "repo": "nvim-tmux-navigation",
        "type": "github"
      }
    },
    "nvim-tree-lua": {
      "flake": false,
      "locked": {
        "lastModified": 1747378136,
        "narHash": "sha256-khJGG/zX037SrGpJ1kXdmyPqSjjNePNVp6tdWgBuBa8=",
        "owner": "chrishrb",
        "repo": "nvim-tree.lua",
        "rev": "340e27033134da241fdbcd3f6cc4f787cad746de",
        "type": "github"
      },
      "original": {
        "owner": "chrishrb",
        "repo": "nvim-tree.lua",
        "type": "github"
      }
    },
    "root": {
      "inputs": {
        "ai-commit": "ai-commit",
        "alacritty-theme": "alacritty-theme",
        "codecompanion-nvim": "codecompanion-nvim",
        "darwin": "darwin",
        "go-grip": "go-grip",
        "home-manager": "home-manager",
        "homebrew-bundle": "homebrew-bundle",
        "homebrew-cask": "homebrew-cask",
        "homebrew-core": "homebrew-core",
        "homebrew-mqttx": "homebrew-mqttx",
        "mac-app-util": "mac-app-util",
        "macos-keyboard-layout-german-programming": "macos-keyboard-layout-german-programming",
        "mcp-hub": "mcp-hub",
        "mcphub-nvim": "mcphub-nvim",
        "nix-homebrew": "nix-homebrew",
        "nixCats": "nixCats",
        "nixpkgs": "nixpkgs_9",
        "nixpkgs-stable": "nixpkgs-stable",
        "none-ls-extras-nvim": "none-ls-extras-nvim",
        "nvim-nio": "nvim-nio",
        "nvim-tmux-navigation": "nvim-tmux-navigation",
        "nvim-tree-lua": "nvim-tree-lua",
        "talhelper": "talhelper",
        "treefmt-nix": "treefmt-nix",
        "vectorcode": "vectorcode"
      }
    },
    "systems": {
      "locked": {
        "lastModified": 1681028828,
        "narHash": "sha256-Vy1rq5AaRuLzOxct8nz4T6wlgyUR7zLU309k9mBC768=",
        "owner": "nix-systems",
        "repo": "default",
        "rev": "da67096a3b9bf56a91d16901293e51ba5b49a27e",
        "type": "github"
      },
      "original": {
        "owner": "nix-systems",
        "repo": "default",
        "type": "github"
      }
    },
    "systems_2": {
      "locked": {
        "lastModified": 1689347925,
        "narHash": "sha256-ozenz5bFe1UUqOn7f60HRmgc01BgTGIKZ4Xl+HbocGQ=",
        "owner": "nix-systems",
        "repo": "default-darwin",
        "rev": "2235d7e6cc29ae99878133c95e9fe5e157661ffb",
        "type": "github"
      },
      "original": {
        "owner": "nix-systems",
        "repo": "default-darwin",
        "type": "github"
      }
    },
    "systems_3": {
      "locked": {
        "lastModified": 1681028828,
        "narHash": "sha256-Vy1rq5AaRuLzOxct8nz4T6wlgyUR7zLU309k9mBC768=",
        "owner": "nix-systems",
        "repo": "default",
        "rev": "da67096a3b9bf56a91d16901293e51ba5b49a27e",
        "type": "github"
      },
      "original": {
        "owner": "nix-systems",
        "repo": "default",
        "type": "github"
      }
    },
    "talhelper": {
      "inputs": {
        "flake-parts": "flake-parts_4",
        "nixpkgs": "nixpkgs_10"
      },
      "locked": {
        "lastModified": 1747470562,
        "narHash": "sha256-Oq22/8vrPQDFaPtgjLZx4uURsrBBSimN+d1GG4LCe+4=",
        "owner": "budimanjojo",
        "repo": "talhelper",
        "rev": "549aa909335c40e76f49b5de54dff7933ce59311",
        "type": "github"
      },
      "original": {
        "owner": "budimanjojo",
        "repo": "talhelper",
        "type": "github"
      }
    },
    "treefmt-nix": {
      "inputs": {
        "nixpkgs": "nixpkgs_11"
      },
      "locked": {
        "lastModified": 1747469671,
        "narHash": "sha256-bo1ptiFoNqm6m1B2iAhJmWCBmqveLVvxom6xKmtuzjg=",
        "owner": "numtide",
        "repo": "treefmt-nix",
        "rev": "ab0378b61b0d85e73a8ab05d5c6029b5bd58c9fb",
        "type": "github"
      },
      "original": {
        "owner": "numtide",
        "repo": "treefmt-nix",
        "type": "github"
      }
    },
    "vectorcode": {
      "inputs": {
        "flake-utils": "flake-utils_3",
        "nixpkgs": "nixpkgs_12"
      },
      "locked": {
        "lastModified": 1747324845,
        "narHash": "sha256-PzaKyFJLmO11UB6Zs/1LJYQ5xsJvYwUWuuFOgn5E/Fg=",
        "owner": "chrishrb",
        "repo": "VectorCode",
        "rev": "81cc97799aefa7e0edd3d64a597f7131dafe8bc8",
        "type": "github"
      },
      "original": {
        "owner": "chrishrb",
        "ref": "feature/use-cmd-path-from-config",
        "repo": "VectorCode",
        "type": "github"
      }
    }
  },
  "root": "root",
  "version": 7
}
