{
  "nodes": {
    "alacritty-theme": {
      "inputs": {
        "alacritty-theme": "alacritty-theme_2",
        "flake-parts": "flake-parts",
        "nixpkgs": "nixpkgs"
      },
      "locked": {
        "lastModified": 1714631219,
        "narHash": "sha256-DjOdkzCJJEYaaa2u5SIpqs+/CaUbo52IQilMGT5S8/M=",
        "owner": "alexghr",
        "repo": "alacritty-theme.nix",
        "rev": "ae253bbbe34678263da7650c4a7df0fec4262bb3",
        "type": "github"
      },
      "original": {
        "owner": "alexghr",
        "repo": "alacritty-theme.nix",
        "type": "github"
      }
    },
    "alacritty-theme_2": {
      "flake": false,
      "locked": {
        "lastModified": 1713998007,
        "narHash": "sha256-Uv/Nv2aipnMBM7F4IoUiLF4U/27SF9H/EEfnwGfjiIs=",
        "owner": "alacritty",
        "repo": "alacritty-theme",
        "rev": "e866efd4ac4e1b4b05892bf9f9bae0540754bca3",
        "type": "github"
      },
      "original": {
        "owner": "alacritty",
        "repo": "alacritty-theme",
        "type": "github"
      }
    },
    "brew-src": {
      "flake": false,
      "locked": {
        "lastModified": 1711985568,
        "narHash": "sha256-VLeP9HGQwfkiuHDp648PXGCkogr3ktYm0q9Yj+i0lGQ=",
        "owner": "Homebrew",
        "repo": "brew",
        "rev": "bd1155be8f50998429a795c15a69c8fe75250510",
        "type": "github"
      },
      "original": {
        "owner": "Homebrew",
        "ref": "4.2.16",
        "repo": "brew",
        "type": "github"
      }
    },
    "chris-nvim": {
      "inputs": {
        "copilot-chat-nvim": "copilot-chat-nvim",
        "flake-utils": "flake-utils",
        "gx-nvim": "gx-nvim",
        "nixCats": "nixCats",
        "nixpkgs": "nixpkgs_2",
        "nvim-nio": "nvim-nio",
        "nvim-tmux-navigation": "nvim-tmux-navigation"
      },
      "locked": {
        "lastModified": 1715755969,
        "narHash": "sha256-7UQYe+vLmRXtzVcALnp+viZ547dwy0mg006TVvmKttI=",
        "owner": "chrishrb",
        "repo": "nix-nvim",
        "rev": "6dad2130a940cbe5274318b6a9ae9ab90cdfbde7",
        "type": "github"
      },
      "original": {
        "owner": "chrishrb",
        "repo": "nix-nvim",
        "type": "github"
      }
    },
    "copilot-chat-nvim": {
      "flake": false,
      "locked": {
        "lastModified": 1715181265,
        "narHash": "sha256-M8yXhO5PWxTlCMEgVkaRuVlscKr2NR9YN+U3j4PUQJs=",
        "owner": "CopilotC-Nvim",
        "repo": "CopilotChat.nvim",
        "rev": "af18fa2fbc765ddf9bacd22e15c974642f20d19b",
        "type": "github"
      },
      "original": {
        "owner": "CopilotC-Nvim",
        "repo": "CopilotChat.nvim",
        "type": "github"
      }
    },
    "darwin": {
      "inputs": {
        "nixpkgs": [
          "nixpkgs"
        ]
      },
      "locked": {
        "lastModified": 1715901937,
        "narHash": "sha256-eMyvWP56ZOdraC2IOvZo0/RTDcrrsqJ0oJWDC76JTak=",
        "owner": "LnL7",
        "repo": "nix-darwin",
        "rev": "ffc01182f90118119930bdfc528c1ee9a39ecef8",
        "type": "github"
      },
      "original": {
        "owner": "LnL7",
        "ref": "master",
        "repo": "nix-darwin",
        "type": "github"
      }
    },
    "flake-parts": {
      "inputs": {
        "nixpkgs-lib": "nixpkgs-lib"
      },
      "locked": {
        "lastModified": 1683560683,
        "narHash": "sha256-XAygPMN5Xnk/W2c1aW0jyEa6lfMDZWlQgiNtmHXytPc=",
        "owner": "hercules-ci",
        "repo": "flake-parts",
        "rev": "006c75898cf814ef9497252b022e91c946ba8e17",
        "type": "github"
      },
      "original": {
        "owner": "hercules-ci",
        "repo": "flake-parts",
        "type": "github"
      }
    },
    "flake-utils": {
      "inputs": {
        "systems": "systems"
      },
      "locked": {
        "lastModified": 1710146030,
        "narHash": "sha256-SZ5L6eA7HJ/nmkzGG7/ISclqe6oZdOZTNoesiInkXPQ=",
        "owner": "numtide",
        "repo": "flake-utils",
        "rev": "b1d9ab70662946ef0850d488da1c9019f3a9752a",
        "type": "github"
      },
      "original": {
        "owner": "numtide",
        "repo": "flake-utils",
        "type": "github"
      }
    },
    "flake-utils_2": {
      "inputs": {
        "systems": "systems_2"
      },
      "locked": {
        "lastModified": 1687709756,
        "narHash": "sha256-Y5wKlQSkgEK2weWdOu4J3riRd+kV/VCgHsqLNTTWQ/0=",
        "owner": "numtide",
        "repo": "flake-utils",
        "rev": "dbabf0ca0c0c4bce6ea5eaf65af5cb694d2082c7",
        "type": "github"
      },
      "original": {
        "owner": "numtide",
        "repo": "flake-utils",
        "type": "github"
      }
    },
    "gx-nvim": {
      "flake": false,
      "locked": {
        "lastModified": 1715192744,
        "narHash": "sha256-UXKFqnBI87C2RRvkcrol1Kjm26XpW1sD+By5PEJojbc=",
        "owner": "chrishrb",
        "repo": "gx.nvim",
        "rev": "cf6ed6ba86ffe4e3f51a898c03a05023b7a2fe48",
        "type": "github"
      },
      "original": {
        "owner": "chrishrb",
        "repo": "gx.nvim",
        "type": "github"
      }
    },
    "home-manager": {
      "inputs": {
        "nixpkgs": [
          "nixpkgs"
        ]
      },
      "locked": {
        "lastModified": 1715930644,
        "narHash": "sha256-W9pyM3/vePxrffHtzlJI6lDS3seANQ+Nqp+i58O46LI=",
        "owner": "nix-community",
        "repo": "home-manager",
        "rev": "e3ad5108f54177e6520535768ddbf1e6af54b59d",
        "type": "github"
      },
      "original": {
        "owner": "nix-community",
        "ref": "master",
        "repo": "home-manager",
        "type": "github"
      }
    },
    "homebrew-bundle": {
      "flake": false,
      "locked": {
        "lastModified": 1715917252,
        "narHash": "sha256-o6IaP6S0ewTblzFFjKQEqR8U8TkN7W3xLjlDoRqny5Q=",
        "owner": "homebrew",
        "repo": "homebrew-bundle",
        "rev": "69cbf77b396ac9a2ce3a8ef460e4a073be992f7d",
        "type": "github"
      },
      "original": {
        "owner": "homebrew",
        "repo": "homebrew-bundle",
        "type": "github"
      }
    },
    "homebrew-cask": {
      "flake": false,
      "locked": {
        "lastModified": 1716085631,
        "narHash": "sha256-jY4LVxbVeufNFL+JJHVrUlr6s+x/aUU+4Ec6SLDmnn0=",
        "owner": "homebrew",
        "repo": "homebrew-cask",
        "rev": "1cc577a0cbd4a6377eec9691bd14d88be3cdc60c",
        "type": "github"
      },
      "original": {
        "owner": "homebrew",
        "repo": "homebrew-cask",
        "type": "github"
      }
    },
    "homebrew-core": {
      "flake": false,
      "locked": {
        "lastModified": 1716082431,
        "narHash": "sha256-FnzFcefsdo7tb/pLKugOqU61FctvZFdib6tNoS7dJDU=",
        "owner": "homebrew",
        "repo": "homebrew-core",
        "rev": "730c039371d9f20d986c6d272c954463ba26dfbb",
        "type": "github"
      },
      "original": {
        "owner": "homebrew",
        "repo": "homebrew-core",
        "type": "github"
      }
    },
    "nix-darwin": {
      "inputs": {
        "nixpkgs": "nixpkgs_3"
      },
      "locked": {
        "lastModified": 1688307440,
        "narHash": "sha256-7PTjbN+/+b799YN7Tk2SS5Vh8A0L3gBo8hmB7Y0VXug=",
        "owner": "LnL7",
        "repo": "nix-darwin",
        "rev": "b06bab83bdf285ea0ae3c8e145a081eb95959047",
        "type": "github"
      },
      "original": {
        "owner": "LnL7",
        "repo": "nix-darwin",
        "type": "github"
      }
    },
    "nix-homebrew": {
      "inputs": {
        "brew-src": "brew-src",
        "flake-utils": "flake-utils_2",
        "nix-darwin": "nix-darwin",
        "nixpkgs": "nixpkgs_4"
      },
      "locked": {
        "lastModified": 1712182779,
        "narHash": "sha256-DchWIKi4c7Jl7CJXVzOxVetxy+SqnlAY3QuUNy8z+aE=",
        "owner": "zhaofengli-wip",
        "repo": "nix-homebrew",
        "rev": "445f7989e096fb90902eed4256b04d8b57c8b358",
        "type": "github"
      },
      "original": {
        "owner": "zhaofengli-wip",
        "repo": "nix-homebrew",
        "type": "github"
      }
    },
    "nixCats": {
      "inputs": {
        "flake-utils": [
          "chris-nvim",
          "flake-utils"
        ],
        "nixpkgs": [
          "chris-nvim",
          "nixpkgs"
        ],
        "plugins-hlargs": "plugins-hlargs",
        "plugins-nvim-nio": "plugins-nvim-nio"
      },
      "locked": {
        "lastModified": 1715285174,
        "narHash": "sha256-N4lFGbsZALRFILrBq89mrsZRe+esTF0d5orfPl+0t68=",
        "owner": "BirdeeHub",
        "repo": "nixCats-nvim",
        "rev": "6d62cbd58c81b2a1292dc4f44e209337daf9c397",
        "type": "github"
      },
      "original": {
        "owner": "BirdeeHub",
        "repo": "nixCats-nvim",
        "type": "github"
      }
    },
    "nixpkgs": {
      "locked": {
        "lastModified": 1703961334,
        "narHash": "sha256-M1mV/Cq+pgjk0rt6VxoyyD+O8cOUiai8t9Q6Yyq4noY=",
        "owner": "NixOS",
        "repo": "nixpkgs",
        "rev": "b0d36bd0a420ecee3bc916c91886caca87c894e9",
        "type": "github"
      },
      "original": {
        "owner": "NixOS",
        "ref": "nixos-unstable",
        "repo": "nixpkgs",
        "type": "github"
      }
    },
    "nixpkgs-lib": {
      "locked": {
        "dir": "lib",
        "lastModified": 1682879489,
        "narHash": "sha256-sASwo8gBt7JDnOOstnps90K1wxmVfyhsTPPNTGBPjjg=",
        "owner": "NixOS",
        "repo": "nixpkgs",
        "rev": "da45bf6ec7bbcc5d1e14d3795c025199f28e0de0",
        "type": "github"
      },
      "original": {
        "dir": "lib",
        "owner": "NixOS",
        "ref": "nixos-unstable",
        "repo": "nixpkgs",
        "type": "github"
      }
    },
    "nixpkgs_2": {
      "locked": {
        "lastModified": 1715413075,
        "narHash": "sha256-FCi3R1MeS5bVp0M0xTheveP6hhcCYfW/aghSTPebYL4=",
        "owner": "nixos",
        "repo": "nixpkgs",
        "rev": "e4e7a43a9db7e22613accfeb1005cca1b2b1ee0d",
        "type": "github"
      },
      "original": {
        "owner": "nixos",
        "ref": "nixpkgs-unstable",
        "repo": "nixpkgs",
        "type": "github"
      }
    },
    "nixpkgs_3": {
      "locked": {
        "lastModified": 1687274257,
        "narHash": "sha256-TutzPriQcZ8FghDhEolnHcYU2oHIG5XWF+/SUBNnAOE=",
        "path": "/nix/store/22qgs3skscd9bmrxv9xv4q5d4wwm5ppx-source",
        "rev": "2c9ecd1f0400076a4d6b2193ad468ff0a7e7fdc5",
        "type": "path"
      },
      "original": {
        "id": "nixpkgs",
        "type": "indirect"
      }
    },
    "nixpkgs_4": {
      "locked": {
        "lastModified": 1688049487,
        "narHash": "sha256-100g4iaKC9MalDjUW9iN6Jl/OocTDtXdeAj7pEGIRh4=",
        "owner": "NixOS",
        "repo": "nixpkgs",
        "rev": "4bc72cae107788bf3f24f30db2e2f685c9298dc9",
        "type": "github"
      },
      "original": {
        "owner": "NixOS",
        "ref": "nixos-unstable",
        "repo": "nixpkgs",
        "type": "github"
      }
    },
    "nixpkgs_5": {
      "locked": {
        "lastModified": 1715961556,
        "narHash": "sha256-+NpbZRCRisUHKQJZF3CT+xn14ZZQO+KjxIIanH3Pvn4=",
        "owner": "nixos",
        "repo": "nixpkgs",
        "rev": "4a6b83b05df1a8bd7d99095ec4b4d271f2956b64",
        "type": "github"
      },
      "original": {
        "owner": "nixos",
        "ref": "nixos-unstable",
        "repo": "nixpkgs",
        "type": "github"
      }
    },
    "nvim-nio": {
      "flake": false,
      "locked": {
        "lastModified": 1714664267,
        "narHash": "sha256-VfoJOXXtMhalFcnfhVzweq7TVmB8WjRP+Z5Z5Z24Pzc=",
        "owner": "nvim-neotest",
        "repo": "nvim-nio",
        "rev": "8765cbc4d0c629c8158a5341e1b4305fd93c3a90",
        "type": "github"
      },
      "original": {
        "owner": "nvim-neotest",
        "repo": "nvim-nio",
        "type": "github"
      }
    },
    "nvim-tmux-navigation": {
      "flake": false,
      "locked": {
        "lastModified": 1707171454,
        "narHash": "sha256-CxAgQSbOrg/SsQXupwCv8cyZXIB7tkWO+Y6FDtoR8xk=",
        "owner": "alexghergh",
        "repo": "nvim-tmux-navigation",
        "rev": "4898c98702954439233fdaf764c39636681e2861",
        "type": "github"
      },
      "original": {
        "owner": "alexghergh",
        "repo": "nvim-tmux-navigation",
        "type": "github"
      }
    },
    "plugins-hlargs": {
      "flake": false,
      "locked": {
        "lastModified": 1708971273,
        "narHash": "sha256-A3EGSEMf94Xl9kczrS31tFGndFtgnS3tOoc4iz8/CxU=",
        "owner": "m-demare",
        "repo": "hlargs.nvim",
        "rev": "0f2dbf02ff948e8fc8ebe07b215f3174a12bbe3c",
        "type": "github"
      },
      "original": {
        "owner": "m-demare",
        "repo": "hlargs.nvim",
        "type": "github"
      }
    },
    "plugins-nvim-nio": {
      "flake": false,
      "locked": {
        "lastModified": 1714664267,
        "narHash": "sha256-VfoJOXXtMhalFcnfhVzweq7TVmB8WjRP+Z5Z5Z24Pzc=",
        "owner": "nvim-neotest",
        "repo": "nvim-nio",
        "rev": "8765cbc4d0c629c8158a5341e1b4305fd93c3a90",
        "type": "github"
      },
      "original": {
        "owner": "nvim-neotest",
        "repo": "nvim-nio",
        "type": "github"
      }
    },
    "root": {
      "inputs": {
        "alacritty-theme": "alacritty-theme",
        "chris-nvim": "chris-nvim",
        "darwin": "darwin",
        "home-manager": "home-manager",
        "homebrew-bundle": "homebrew-bundle",
        "homebrew-cask": "homebrew-cask",
        "homebrew-core": "homebrew-core",
        "nix-homebrew": "nix-homebrew",
        "nixpkgs": "nixpkgs_5"
      }
    },
    "systems": {
      "locked": {
        "lastModified": 1681028828,
        "narHash": "sha256-Vy1rq5AaRuLzOxct8nz4T6wlgyUR7zLU309k9mBC768=",
        "owner": "nix-systems",
        "repo": "default",
        "rev": "da67096a3b9bf56a91d16901293e51ba5b49a27e",
        "type": "github"
      },
      "original": {
        "owner": "nix-systems",
        "repo": "default",
        "type": "github"
      }
    },
    "systems_2": {
      "locked": {
        "lastModified": 1681028828,
        "narHash": "sha256-Vy1rq5AaRuLzOxct8nz4T6wlgyUR7zLU309k9mBC768=",
        "owner": "nix-systems",
        "repo": "default",
        "rev": "da67096a3b9bf56a91d16901293e51ba5b49a27e",
        "type": "github"
      },
      "original": {
        "owner": "nix-systems",
        "repo": "default",
        "type": "github"
      }
    }
  },
  "root": "root",
  "version": 7
}
